{
  "name": "path-tracer",
  "version": "1.0.0",
  "lockfileVersion": 3,
  "requires": true,
  "packages": {
    "": {
      "name": "path-tracer",
      "version": "1.0.0",
      "license": "ISC",
      "dependencies": {
        "canny-edge-detector": "^1.0.0"
      }
    },
    "node_modules/canny-edge-detector": {
      "version": "1.0.0",
      "resolved": "https://registry.npmjs.org/canny-edge-detector/-/canny-edge-detector-1.0.0.tgz",
      "integrity": "sha512-SpewmkHDE1PbJ1/AVAcpvZKOufYpUXT0euMvhb5C4Q83Q9XEOmSXC+yR7jl3F4Ae1Ev6OtQKbFgdcPrOdHjzQg=="
    }
  }
}
